
Microsoft Visual Studio Solution File, Format Version 12.00
# Visual Studio 15
VisualStudioVersion = 15.0.27703.2000
MinimumVisualStudioVersion = 10.0.40219.1
Project("{9A19103F-16F7-4668-BE54-9A1E7A4F7556}") = "FilesManager", "FilesManager\FilesManager.csproj", "{FF79914A-466C-443F-A969-D5FC94B8BEED}"
EndProject
Project("{9A19103F-16F7-4668-BE54-9A1E7A4F7556}") = "FilesManager.Storage", "FilesManager.Storage\FilesManager.Storage.csproj", "{F3317114-9B45-441D-AA01-5A2F6BC9F64D}"
EndProject
Project("{9A19103F-16F7-4668-BE54-9A1E7A4F7556}") = "SheetProcess", "SheetProcess\SheetProcess.csproj", "{0FA1B582-817E-4CA7-9FB1-CDD85A7DC472}"
EndProject
Global
	GlobalSection(SolutionConfigurationPlatforms) = preSolution
		Debug|Any CPU = Debug|Any CPU
		Release|Any CPU = Release|Any CPU
	EndGlobalSection
	GlobalSection(ProjectConfigurationPlatforms) = postSolution
		{FF79914A-466C-443F-A969-D5FC94B8BEED}.Debug|Any CPU.ActiveCfg = Debug|Any CPU
		{FF79914A-466C-443F-A969-D5FC94B8BEED}.Debug|Any CPU.Build.0 = Debug|Any CPU
		{FF79914A-466C-443F-A969-D5FC94B8BEED}.Release|Any CPU.ActiveCfg = Release|Any CPU
		{FF79914A-466C-443F-A969-D5FC94B8BEED}.Release|Any CPU.Build.0 = Release|Any CPU
		{F3317114-9B45-441D-AA01-5A2F6BC9F64D}.Debug|Any CPU.ActiveCfg = Debug|Any CPU
		{F3317114-9B45-441D-AA01-5A2F6BC9F64D}.Debug|Any CPU.Build.0 = Debug|Any CPU
		{F3317114-9B45-441D-AA01-5A2F6BC9F64D}.Release|Any CPU.ActiveCfg = Release|Any CPU
		{F3317114-9B45-441D-AA01-5A2F6BC9F64D}.Release|Any CPU.Build.0 = Release|Any CPU
		{0FA1B582-817E-4CA7-9FB1-CDD85A7DC472}.Debug|Any CPU.ActiveCfg = Debug|Any CPU
		{0FA1B582-817E-4CA7-9FB1-CDD85A7DC472}.Debug|Any CPU.Build.0 = Debug|Any CPU
		{0FA1B582-817E-4CA7-9FB1-CDD85A7DC472}.Release|Any CPU.ActiveCfg = Release|Any CPU
		{0FA1B582-817E-4CA7-9FB1-CDD85A7DC472}.Release|Any CPU.Build.0 = Release|Any CPU
	EndGlobalSection
	GlobalSection(SolutionProperties) = preSolution
		HideSolutionNode = FALSE
	EndGlobalSection
	GlobalSection(ExtensibilityGlobals) = postSolution
		SolutionGuid = {54FCC027-735D-4F17-93AB-62F8B08FDE21}
	EndGlobalSection
EndGlobal
